
Microsoft Visual Studio Solution File, Format Version 12.00
# Visual Studio 15
VisualStudioVersion = 15.0.28307.489
MinimumVisualStudioVersion = 10.0.40219.1
Project("{FAE04EC0-301F-11D3-BF4B-00C04F79EFBC}") = "BangazonWorkforceSapphireElephants", "BangazonWorkforceSapphireElephants\BangazonWorkforceSapphireElephants.csproj", "{98218FA6-CCB7-4D51-AE63-376B8EB823D4}"
EndProject
Global
	GlobalSection(SolutionConfigurationPlatforms) = preSolution
		Debug|Any CPU = Debug|Any CPU
		Release|Any CPU = Release|Any CPU
	EndGlobalSection
	GlobalSection(ProjectConfigurationPlatforms) = postSolution
		{98218FA6-CCB7-4D51-AE63-376B8EB823D4}.Debug|Any CPU.ActiveCfg = Debug|Any CPU
		{98218FA6-CCB7-4D51-AE63-376B8EB823D4}.Debug|Any CPU.Build.0 = Debug|Any CPU
		{98218FA6-CCB7-4D51-AE63-376B8EB823D4}.Release|Any CPU.ActiveCfg = Release|Any CPU
		{98218FA6-CCB7-4D51-AE63-376B8EB823D4}.Release|Any CPU.Build.0 = Release|Any CPU
	EndGlobalSection
	GlobalSection(SolutionProperties) = preSolution
		HideSolutionNode = FALSE
	EndGlobalSection
	GlobalSection(ExtensibilityGlobals) = postSolution
		SolutionGuid = {453EA5CA-03EF-478D-93EE-BAC48AB02E78}
	EndGlobalSection
EndGlobal
